// !$*UTF8*$!
{
	archiveVersion = 1;
	classes = {
	};
	objectVersion = 46;
	objects = {

/* Begin PBXBuildFile section */
		0B09303368A94F9B9050D87C /* libPods.a in Frameworks */ = {isa = PBXBuildFile; fileRef = 39D5E998EE684331A328F3B3 /* libPods.a */; };
		D2712AC017E4A01800CD0261 /* Foundation.framework in Frameworks */ = {isa = PBXBuildFile; fileRef = D2712ABF17E4A01800CD0261 /* Foundation.framework */; };
		D2712AC217E4A01800CD0261 /* CoreGraphics.framework in Frameworks */ = {isa = PBXBuildFile; fileRef = D2712AC117E4A01800CD0261 /* CoreGraphics.framework */; };
		D2712AC417E4A01800CD0261 /* UIKit.framework in Frameworks */ = {isa = PBXBuildFile; fileRef = D2712AC317E4A01800CD0261 /* UIKit.framework */; };
		D2712ACA17E4A01800CD0261 /* InfoPlist.strings in Resources */ = {isa = PBXBuildFile; fileRef = D2712AC817E4A01800CD0261 /* InfoPlist.strings */; };
		D2712ACC17E4A01800CD0261 /* main.m in Sources */ = {isa = PBXBuildFile; fileRef = D2712ACB17E4A01800CD0261 /* main.m */; };
		D2712AD017E4A01800CD0261 /* AppDelegate.m in Sources */ = {isa = PBXBuildFile; fileRef = D2712ACF17E4A01800CD0261 /* AppDelegate.m */; };
		D2712AD317E4A01800CD0261 /* Main.storyboard in Resources */ = {isa = PBXBuildFile; fileRef = D2712AD117E4A01800CD0261 /* Main.storyboard */; };
		D2712AD617E4A01800CD0261 /* ViewController.m in Sources */ = {isa = PBXBuildFile; fileRef = D2712AD517E4A01800CD0261 /* ViewController.m */; };
		D2712AD817E4A01800CD0261 /* Images.xcassets in Resources */ = {isa = PBXBuildFile; fileRef = D2712AD717E4A01800CD0261 /* Images.xcassets */; };
		D2712ADF17E4A01800CD0261 /* XCTest.framework in Frameworks */ = {isa = PBXBuildFile; fileRef = D2712ADE17E4A01800CD0261 /* XCTest.framework */; };
		D2712AE017E4A01800CD0261 /* Foundation.framework in Frameworks */ = {isa = PBXBuildFile; fileRef = D2712ABF17E4A01800CD0261 /* Foundation.framework */; };
		D2712AE117E4A01800CD0261 /* UIKit.framework in Frameworks */ = {isa = PBXBuildFile; fileRef = D2712AC317E4A01800CD0261 /* UIKit.framework */; };
		D2712AE917E4A01800CD0261 /* InfoPlist.strings in Resources */ = {isa = PBXBuildFile; fileRef = D2712AE717E4A01800CD0261 /* InfoPlist.strings */; };
		D2712AEB17E4A01800CD0261 /* PeakSwipeCell_SamplesTests.m in Sources */ = {isa = PBXBuildFile; fileRef = D2712AEA17E4A01800CD0261 /* PeakSwipeCell_SamplesTests.m */; };
		D2712AF717E4A12B00CD0261 /* PeakSwipeCell.m in Sources */ = {isa = PBXBuildFile; fileRef = D2712AF617E4A12B00CD0261 /* PeakSwipeCell.m */; };
		D2712AF917E4A24000CD0261 /* Podfile in Resources */ = {isa = PBXBuildFile; fileRef = D2712AF817E4A24000CD0261 /* Podfile */; };
		D2712AFD17E4AD1500CD0261 /* remove_25.png in Resources */ = {isa = PBXBuildFile; fileRef = D2712AFB17E4AD1500CD0261 /* remove_25.png */; };
		D2712AFE17E4AD1500CD0261 /* remove_25@2x.png in Resources */ = {isa = PBXBuildFile; fileRef = D2712AFC17E4AD1500CD0261 /* remove_25@2x.png */; };
/* End PBXBuildFile section */

/* Begin PBXContainerItemProxy section */
		D2712AE217E4A01800CD0261 /* PBXContainerItemProxy */ = {
			isa = PBXContainerItemProxy;
			containerPortal = D2712AB417E4A01800CD0261 /* Project object */;
			proxyType = 1;
			remoteGlobalIDString = D2712ABB17E4A01800CD0261;
			remoteInfo = "PeakSwipeCell-Samples";
		};
/* End PBXContainerItemProxy section */

/* Begin PBXFileReference section */
		39D5E998EE684331A328F3B3 /* libPods.a */ = {isa = PBXFileReference; explicitFileType = archive.ar; includeInIndex = 0; path = libPods.a; sourceTree = BUILT_PRODUCTS_DIR; };
		D2712ABC17E4A01800CD0261 /* PeakSwipeCell-Samples.app */ = {isa = PBXFileReference; explicitFileType = wrapper.application; includeInIndex = 0; path = "PeakSwipeCell-Samples.app"; sourceTree = BUILT_PRODUCTS_DIR; };
		D2712ABF17E4A01800CD0261 /* Foundation.framework */ = {isa = PBXFileReference; lastKnownFileType = wrapper.framework; name = Foundation.framework; path = System/Library/Frameworks/Foundation.framework; sourceTree = SDKROOT; };
		D2712AC117E4A01800CD0261 /* CoreGraphics.framework */ = {isa = PBXFileReference; lastKnownFileType = wrapper.framework; name = CoreGraphics.framework; path = System/Library/Frameworks/CoreGraphics.framework; sourceTree = SDKROOT; };
		D2712AC317E4A01800CD0261 /* UIKit.framework */ = {isa = PBXFileReference; lastKnownFileType = wrapper.framework; name = UIKit.framework; path = System/Library/Frameworks/UIKit.framework; sourceTree = SDKROOT; };
		D2712AC717E4A01800CD0261 /* PeakSwipeCell-Samples-Info.plist */ = {isa = PBXFileReference; lastKnownFileType = text.plist.xml; path = "PeakSwipeCell-Samples-Info.plist"; sourceTree = "<group>"; };
		D2712AC917E4A01800CD0261 /* en */ = {isa = PBXFileReference; lastKnownFileType = text.plist.strings; name = en; path = en.lproj/InfoPlist.strings; sourceTree = "<group>"; };
		D2712ACB17E4A01800CD0261 /* main.m */ = {isa = PBXFileReference; lastKnownFileType = sourcecode.c.objc; path = main.m; sourceTree = "<group>"; };
		D2712ACD17E4A01800CD0261 /* PeakSwipeCell-Samples-Prefix.pch */ = {isa = PBXFileReference; lastKnownFileType = sourcecode.c.h; path = "PeakSwipeCell-Samples-Prefix.pch"; sourceTree = "<group>"; };
		D2712ACE17E4A01800CD0261 /* AppDelegate.h */ = {isa = PBXFileReference; lastKnownFileType = sourcecode.c.h; path = AppDelegate.h; sourceTree = "<group>"; };
		D2712ACF17E4A01800CD0261 /* AppDelegate.m */ = {isa = PBXFileReference; lastKnownFileType = sourcecode.c.objc; path = AppDelegate.m; sourceTree = "<group>"; };
		D2712AD217E4A01800CD0261 /* Base */ = {isa = PBXFileReference; lastKnownFileType = file.storyboard; name = Base; path = Base.lproj/Main.storyboard; sourceTree = "<group>"; };
		D2712AD417E4A01800CD0261 /* ViewController.h */ = {isa = PBXFileReference; lastKnownFileType = sourcecode.c.h; path = ViewController.h; sourceTree = "<group>"; };
		D2712AD517E4A01800CD0261 /* ViewController.m */ = {isa = PBXFileReference; lastKnownFileType = sourcecode.c.objc; path = ViewController.m; sourceTree = "<group>"; };
		D2712AD717E4A01800CD0261 /* Images.xcassets */ = {isa = PBXFileReference; lastKnownFileType = folder.assetcatalog; path = Images.xcassets; sourceTree = "<group>"; };
		D2712ADD17E4A01800CD0261 /* PeakSwipeCell-SamplesTests.xctest */ = {isa = PBXFileReference; explicitFileType = wrapper.cfbundle; includeInIndex = 0; path = "PeakSwipeCell-SamplesTests.xctest"; sourceTree = BUILT_PRODUCTS_DIR; };
		D2712ADE17E4A01800CD0261 /* XCTest.framework */ = {isa = PBXFileReference; lastKnownFileType = wrapper.framework; name = XCTest.framework; path = Library/Frameworks/XCTest.framework; sourceTree = DEVELOPER_DIR; };
		D2712AE617E4A01800CD0261 /* PeakSwipeCell-SamplesTests-Info.plist */ = {isa = PBXFileReference; lastKnownFileType = text.plist.xml; path = "PeakSwipeCell-SamplesTests-Info.plist"; sourceTree = "<group>"; };
		D2712AE817E4A01800CD0261 /* en */ = {isa = PBXFileReference; lastKnownFileType = text.plist.strings; name = en; path = en.lproj/InfoPlist.strings; sourceTree = "<group>"; };
		D2712AEA17E4A01800CD0261 /* PeakSwipeCell_SamplesTests.m */ = {isa = PBXFileReference; lastKnownFileType = sourcecode.c.objc; path = PeakSwipeCell_SamplesTests.m; sourceTree = "<group>"; };
		D2712AF517E4A12B00CD0261 /* PeakSwipeCell.h */ = {isa = PBXFileReference; fileEncoding = 4; lastKnownFileType = sourcecode.c.h; path = PeakSwipeCell.h; sourceTree = "<group>"; };
		D2712AF617E4A12B00CD0261 /* PeakSwipeCell.m */ = {isa = PBXFileReference; fileEncoding = 4; lastKnownFileType = sourcecode.c.objc; path = PeakSwipeCell.m; sourceTree = "<group>"; };
		D2712AF817E4A24000CD0261 /* Podfile */ = {isa = PBXFileReference; fileEncoding = 4; lastKnownFileType = text; path = Podfile; sourceTree = SOURCE_ROOT; };
		D2712AFB17E4AD1500CD0261 /* remove_25.png */ = {isa = PBXFileReference; lastKnownFileType = image.png; path = remove_25.png; sourceTree = "<group>"; };
		D2712AFC17E4AD1500CD0261 /* remove_25@2x.png */ = {isa = PBXFileReference; lastKnownFileType = image.png; path = "remove_25@2x.png"; sourceTree = "<group>"; };
		F6182C254E394A589DF27C3C /* Pods.xcconfig */ = {isa = PBXFileReference; includeInIndex = 1; lastKnownFileType = text.xcconfig; name = Pods.xcconfig; path = Pods/Pods.xcconfig; sourceTree = SOURCE_ROOT; };
/* End PBXFileReference section */

/* Begin PBXFrameworksBuildPhase section */
		D2712AB917E4A01800CD0261 /* Frameworks */ = {
			isa = PBXFrameworksBuildPhase;
			buildActionMask = 2147483647;
			files = (
				D2712AC217E4A01800CD0261 /* CoreGraphics.framework in Frameworks */,
				D2712AC417E4A01800CD0261 /* UIKit.framework in Frameworks */,
				D2712AC017E4A01800CD0261 /* Foundation.framework in Frameworks */,
				0B09303368A94F9B9050D87C /* libPods.a in Frameworks */,
			);
			runOnlyForDeploymentPostprocessing = 0;
		};
		D2712ADA17E4A01800CD0261 /* Frameworks */ = {
			isa = PBXFrameworksBuildPhase;
			buildActionMask = 2147483647;
			files = (
				D2712ADF17E4A01800CD0261 /* XCTest.framework in Frameworks */,
				D2712AE117E4A01800CD0261 /* UIKit.framework in Frameworks */,
				D2712AE017E4A01800CD0261 /* Foundation.framework in Frameworks */,
			);
			runOnlyForDeploymentPostprocessing = 0;
		};
/* End PBXFrameworksBuildPhase section */

/* Begin PBXGroup section */
		D2712AB317E4A01800CD0261 = {
			isa = PBXGroup;
			children = (
				D2712AF417E4A12B00CD0261 /* PeakSwipeCell */,
				D2712AC517E4A01800CD0261 /* PeakSwipeCell-Samples */,
				D2712AE417E4A01800CD0261 /* PeakSwipeCell-SamplesTests */,
				D2712ABE17E4A01800CD0261 /* Frameworks */,
				D2712ABD17E4A01800CD0261 /* Products */,
				F6182C254E394A589DF27C3C /* Pods.xcconfig */,
			);
			sourceTree = "<group>";
		};
		D2712ABD17E4A01800CD0261 /* Products */ = {
			isa = PBXGroup;
			children = (
				D2712ABC17E4A01800CD0261 /* PeakSwipeCell-Samples.app */,
				D2712ADD17E4A01800CD0261 /* PeakSwipeCell-SamplesTests.xctest */,
			);
			name = Products;
			sourceTree = "<group>";
		};
		D2712ABE17E4A01800CD0261 /* Frameworks */ = {
			isa = PBXGroup;
			children = (
				D2712ABF17E4A01800CD0261 /* Foundation.framework */,
				D2712AC117E4A01800CD0261 /* CoreGraphics.framework */,
				D2712AC317E4A01800CD0261 /* UIKit.framework */,
				D2712ADE17E4A01800CD0261 /* XCTest.framework */,
				39D5E998EE684331A328F3B3 /* libPods.a */,
			);
			name = Frameworks;
			sourceTree = "<group>";
		};
		D2712AC517E4A01800CD0261 /* PeakSwipeCell-Samples */ = {
			isa = PBXGroup;
			children = (
				D2712AFA17E4AD1500CD0261 /* res */,
				D2712AF817E4A24000CD0261 /* Podfile */,
				D2712ACE17E4A01800CD0261 /* AppDelegate.h */,
				D2712ACF17E4A01800CD0261 /* AppDelegate.m */,
				D2712AD117E4A01800CD0261 /* Main.storyboard */,
				D2712AD417E4A01800CD0261 /* ViewController.h */,
				D2712AD517E4A01800CD0261 /* ViewController.m */,
				D2712AD717E4A01800CD0261 /* Images.xcassets */,
				D2712AC617E4A01800CD0261 /* Supporting Files */,
			);
			path = "PeakSwipeCell-Samples";
			sourceTree = "<group>";
		};
		D2712AC617E4A01800CD0261 /* Supporting Files */ = {
			isa = PBXGroup;
			children = (
				D2712AC717E4A01800CD0261 /* PeakSwipeCell-Samples-Info.plist */,
				D2712AC817E4A01800CD0261 /* InfoPlist.strings */,
				D2712ACB17E4A01800CD0261 /* main.m */,
				D2712ACD17E4A01800CD0261 /* PeakSwipeCell-Samples-Prefix.pch */,
			);
			name = "Supporting Files";
			sourceTree = "<group>";
		};
		D2712AE417E4A01800CD0261 /* PeakSwipeCell-SamplesTests */ = {
			isa = PBXGroup;
			children = (
				D2712AEA17E4A01800CD0261 /* PeakSwipeCell_SamplesTests.m */,
				D2712AE517E4A01800CD0261 /* Supporting Files */,
			);
			path = "PeakSwipeCell-SamplesTests";
			sourceTree = "<group>";
		};
		D2712AE517E4A01800CD0261 /* Supporting Files */ = {
			isa = PBXGroup;
			children = (
				D2712AE617E4A01800CD0261 /* PeakSwipeCell-SamplesTests-Info.plist */,
				D2712AE717E4A01800CD0261 /* InfoPlist.strings */,
			);
			name = "Supporting Files";
			sourceTree = "<group>";
		};
		D2712AF417E4A12B00CD0261 /* PeakSwipeCell */ = {
			isa = PBXGroup;
			children = (
				D2712AF517E4A12B00CD0261 /* PeakSwipeCell.h */,
				D2712AF617E4A12B00CD0261 /* PeakSwipeCell.m */,
			);
			name = PeakSwipeCell;
			path = ../PeakSwipeCell;
			sourceTree = "<group>";
		};
		D2712AFA17E4AD1500CD0261 /* res */ = {
			isa = PBXGroup;
			children = (
				D2712AFB17E4AD1500CD0261 /* remove_25.png */,
				D2712AFC17E4AD1500CD0261 /* remove_25@2x.png */,
			);
			path = res;
			sourceTree = "<group>";
		};
/* End PBXGroup section */

/* Begin PBXNativeTarget section */
		D2712ABB17E4A01800CD0261 /* PeakSwipeCell-Samples */ = {
			isa = PBXNativeTarget;
			buildConfigurationList = D2712AEE17E4A01800CD0261 /* Build configuration list for PBXNativeTarget "PeakSwipeCell-Samples" */;
			buildPhases = (
				3179C17D13AB4553B678A40F /* Check Pods Manifest.lock */,
				D2712AB817E4A01800CD0261 /* Sources */,
				D2712AB917E4A01800CD0261 /* Frameworks */,
				D2712ABA17E4A01800CD0261 /* Resources */,
				08CD695B3A6B4298B698CAD2 /* Copy Pods Resources */,
			);
			buildRules = (
			);
			dependencies = (
			);
			name = "PeakSwipeCell-Samples";
			productName = "PeakSwipeCell-Samples";
			productReference = D2712ABC17E4A01800CD0261 /* PeakSwipeCell-Samples.app */;
			productType = "com.apple.product-type.application";
		};
		D2712ADC17E4A01800CD0261 /* PeakSwipeCell-SamplesTests */ = {
			isa = PBXNativeTarget;
			buildConfigurationList = D2712AF117E4A01800CD0261 /* Build configuration list for PBXNativeTarget "PeakSwipeCell-SamplesTests" */;
			buildPhases = (
				D2712AD917E4A01800CD0261 /* Sources */,
				D2712ADA17E4A01800CD0261 /* Frameworks */,
				D2712ADB17E4A01800CD0261 /* Resources */,
			);
			buildRules = (
			);
			dependencies = (
				D2712AE317E4A01800CD0261 /* PBXTargetDependency */,
			);
			name = "PeakSwipeCell-SamplesTests";
			productName = "PeakSwipeCell-SamplesTests";
			productReference = D2712ADD17E4A01800CD0261 /* PeakSwipeCell-SamplesTests.xctest */;
			productType = "com.apple.product-type.bundle.unit-test";
		};
/* End PBXNativeTarget section */

/* Begin PBXProject section */
		D2712AB417E4A01800CD0261 /* Project object */ = {
			isa = PBXProject;
			attributes = {
				LastUpgradeCheck = 0500;
				ORGANIZATIONNAME = conis;
				TargetAttributes = {
					D2712ADC17E4A01800CD0261 = {
						TestTargetID = D2712ABB17E4A01800CD0261;
					};
				};
			};
			buildConfigurationList = D2712AB717E4A01800CD0261 /* Build configuration list for PBXProject "PeakSwipeCell-Samples" */;
			compatibilityVersion = "Xcode 3.2";
			developmentRegion = English;
			hasScannedForEncodings = 0;
			knownRegions = (
				en,
				Base,
			);
			mainGroup = D2712AB317E4A01800CD0261;
			productRefGroup = D2712ABD17E4A01800CD0261 /* Products */;
			projectDirPath = "";
			projectRoot = "";
			targets = (
				D2712ABB17E4A01800CD0261 /* PeakSwipeCell-Samples */,
				D2712ADC17E4A01800CD0261 /* PeakSwipeCell-SamplesTests */,
			);
		};
/* End PBXProject section */

/* Begin PBXResourcesBuildPhase section */
		D2712ABA17E4A01800CD0261 /* Resources */ = {
			isa = PBXResourcesBuildPhase;
			buildActionMask = 2147483647;
			files = (
				D2712AD817E4A01800CD0261 /* Images.xcassets in Resources */,
				D2712AFD17E4AD1500CD0261 /* remove_25.png in Resources */,
				D2712ACA17E4A01800CD0261 /* InfoPlist.strings in Resources */,
				D2712AFE17E4AD1500CD0261 /* remove_25@2x.png in Resources */,
				D2712AF917E4A24000CD0261 /* Podfile in Resources */,
				D2712AD317E4A01800CD0261 /* Main.storyboard in Resources */,
			);
			runOnlyForDeploymentPostprocessing = 0;
		};
		D2712ADB17E4A01800CD0261 /* Resources */ = {
			isa = PBXResourcesBuildPhase;
			buildActionMask = 2147483647;
			files = (
				D2712AE917E4A01800CD0261 /* InfoPlist.strings in Resources */,
			);
			runOnlyForDeploymentPostprocessing = 0;
		};
/* End PBXResourcesBuildPhase section */

/* Begin PBXShellScriptBuildPhase section */
		08CD695B3A6B4298B698CAD2 /* Copy Pods Resources */ = {
			isa = PBXShellScriptBuildPhase;
			buildActionMask = 2147483647;
			files = (
			);
			inputPaths = (
			);
			name = "Copy Pods Resources";
			outputPaths = (
			);
			runOnlyForDeploymentPostprocessing = 0;
			shellPath = /bin/sh;
			shellScript = "\"${SRCROOT}/Pods/Pods-resources.sh\"\n";
			showEnvVarsInLog = 0;
		};
		3179C17D13AB4553B678A40F /* Check Pods Manifest.lock */ = {
			isa = PBXShellScriptBuildPhase;
			buildActionMask = 2147483647;
			files = (
			);
			inputPaths = (
			);
			name = "Check Pods Manifest.lock";
			outputPaths = (
			);
			runOnlyForDeploymentPostprocessing = 0;
			shellPath = /bin/sh;
			shellScript = "diff \"${PODS_ROOT}/../Podfile.lock\" \"${PODS_ROOT}/Manifest.lock\" > /dev/null\nif [[ $? != 0 ]] ; then\n    cat << EOM\nerror: The sandbox is not in sync with the Podfile.lock. Run 'pod install' or update your CocoaPods installation.\nEOM\n    exit 1\nfi\n";
			showEnvVarsInLog = 0;
		};
/* End PBXShellScriptBuildPhase section */

/* Begin PBXSourcesBuildPhase section */
		D2712AB817E4A01800CD0261 /* Sources */ = {
			isa = PBXSourcesBuildPhase;
			buildActionMask = 2147483647;
			files = (
				D2712AD617E4A01800CD0261 /* ViewController.m in Sources */,
				D2712AD017E4A01800CD0261 /* AppDelegate.m in Sources */,
				D2712ACC17E4A01800CD0261 /* main.m in Sources */,
				D2712AF717E4A12B00CD0261 /* PeakSwipeCell.m in Sources */,
			);
			runOnlyForDeploymentPostprocessing = 0;
		};
		D2712AD917E4A01800CD0261 /* Sources */ = {
			isa = PBXSourcesBuildPhase;
			buildActionMask = 2147483647;
			files = (
				D2712AEB17E4A01800CD0261 /* PeakSwipeCell_SamplesTests.m in Sources */,
			);
			runOnlyForDeploymentPostprocessing = 0;
		};
/* End PBXSourcesBuildPhase section */

/* Begin PBXTargetDependency section */
		D2712AE317E4A01800CD0261 /* PBXTargetDependency */ = {
			isa = PBXTargetDependency;
			target = D2712ABB17E4A01800CD0261 /* PeakSwipeCell-Samples */;
			targetProxy = D2712AE217E4A01800CD0261 /* PBXContainerItemProxy */;
		};
/* End PBXTargetDependency section */

/* Begin PBXVariantGroup section */
		D2712AC817E4A01800CD0261 /* InfoPlist.strings */ = {
			isa = PBXVariantGroup;
			children = (
				D2712AC917E4A01800CD0261 /* en */,
			);
			name = InfoPlist.strings;
			sourceTree = "<group>";
		};
		D2712AD117E4A01800CD0261 /* Main.storyboard */ = {
			isa = PBXVariantGroup;
			children = (
				D2712AD217E4A01800CD0261 /* Base */,
			);
			name = Main.storyboard;
			sourceTree = "<group>";
		};
		D2712AE717E4A01800CD0261 /* InfoPlist.strings */ = {
			isa = PBXVariantGroup;
			children = (
				D2712AE817E4A01800CD0261 /* en */,
			);
			name = InfoPlist.strings;
			sourceTree = "<group>";
		};
/* End PBXVariantGroup section */

/* Begin XCBuildConfiguration section */
		D2712AEC17E4A01800CD0261 /* Debug */ = {
			isa = XCBuildConfiguration;
			buildSettings = {
				ALWAYS_SEARCH_USER_PATHS = NO;
				ARCHS = "$(ARCHS_STANDARD_INCLUDING_64_BIT)";
				CLANG_CXX_LANGUAGE_STANDARD = "gnu++0x";
				CLANG_CXX_LIBRARY = "libc++";
				CLANG_ENABLE_MODULES = YES;
				CLANG_ENABLE_OBJC_ARC = YES;
				CLANG_WARN_BOOL_CONVERSION = YES;
				CLANG_WARN_CONSTANT_CONVERSION = YES;
				CLANG_WARN_DIRECT_OBJC_ISA_USAGE = YES_ERROR;
				CLANG_WARN_EMPTY_BODY = YES;
				CLANG_WARN_ENUM_CONVERSION = YES;
				CLANG_WARN_INT_CONVERSION = YES;
				CLANG_WARN_OBJC_ROOT_CLASS = YES_ERROR;
				CLANG_WARN__DUPLICATE_METHOD_MATCH = YES;
				"CODE_SIGN_IDENTITY[sdk=iphoneos*]" = "iPhone Developer";
				COPY_PHASE_STRIP = NO;
				GCC_C_LANGUAGE_STANDARD = gnu99;
				GCC_DYNAMIC_NO_PIC = NO;
				GCC_OPTIMIZATION_LEVEL = 0;
				GCC_PREPROCESSOR_DEFINITIONS = (
					"DEBUG=1",
					"$(inherited)",
				);
				GCC_SYMBOLS_PRIVATE_EXTERN = NO;
				GCC_WARN_64_TO_32_BIT_CONVERSION = YES;
				GCC_WARN_ABOUT_RETURN_TYPE = YES_ERROR;
				GCC_WARN_UNDECLARED_SELECTOR = YES;
				GCC_WARN_UNINITIALIZED_AUTOS = YES;
				GCC_WARN_UNUSED_FUNCTION = YES;
				GCC_WARN_UNUSED_VARIABLE = YES;
				IPHONEOS_DEPLOYMENT_TARGET = 7.0;
				ONLY_ACTIVE_ARCH = YES;
				SDKROOT = iphoneos;
			};
			name = Debug;
		};
		D2712AED17E4A01800CD0261 /* Release */ = {
			isa = XCBuildConfiguration;
			buildSettings = {
				ALWAYS_SEARCH_USER_PATHS = NO;
				ARCHS = "$(ARCHS_STANDARD_INCLUDING_64_BIT)";
				CLANG_CXX_LANGUAGE_STANDARD = "gnu++0x";
				CLANG_CXX_LIBRARY = "libc++";
				CLANG_ENABLE_MODULES = YES;
				CLANG_ENABLE_OBJC_ARC = YES;
				CLANG_WARN_BOOL_CONVERSION = YES;
				CLANG_WARN_CONSTANT_CONVERSION = YES;
				CLANG_WARN_DIRECT_OBJC_ISA_USAGE = YES_ERROR;
				CLANG_WARN_EMPTY_BODY = YES;
				CLANG_WARN_ENUM_CONVERSION = YES;
				CLANG_WARN_INT_CONVERSION = YES;
				CLANG_WARN_OBJC_ROOT_CLASS = YES_ERROR;
				CLANG_WARN__DUPLICATE_METHOD_MATCH = YES;
				"CODE_SIGN_IDENTITY[sdk=iphoneos*]" = "iPhone Developer";
				COPY_PHASE_STRIP = YES;
				ENABLE_NS_ASSERTIONS = NO;
				GCC_C_LANGUAGE_STANDARD = gnu99;
				GCC_WARN_64_TO_32_BIT_CONVERSION = YES;
				GCC_WARN_ABOUT_RETURN_TYPE = YES_ERROR;
				GCC_WARN_UNDECLARED_SELECTOR = YES;
				GCC_WARN_UNINITIALIZED_AUTOS = YES;
				GCC_WARN_UNUSED_FUNCTION = YES;
				GCC_WARN_UNUSED_VARIABLE = YES;
				IPHONEOS_DEPLOYMENT_TARGET = 7.0;
				SDKROOT = iphoneos;
				VALIDATE_PRODUCT = YES;
			};
			name = Release;
		};
		D2712AEF17E4A01800CD0261 /* Debug */ = {
			isa = XCBuildConfiguration;
			baseConfigurationReference = F6182C254E394A589DF27C3C /* Pods.xcconfig */;
			buildSettings = {
				ASSETCATALOG_COMPILER_APPICON_NAME = AppIcon;
				ASSETCATALOG_COMPILER_LAUNCHIMAGE_NAME = LaunchImage;
				GCC_PRECOMPILE_PREFIX_HEADER = YES;
				GCC_PREFIX_HEADER = "PeakSwipeCell-Samples/PeakSwipeCell-Samples-Prefix.pch";
				INFOPLIST_FILE = "PeakSwipeCell-Samples/PeakSwipeCell-Samples-Info.plist";
				PRODUCT_NAME = "$(TARGET_NAME)";
				WRAPPER_EXTENSION = app;
			};
			name = Debug;
		};
		D2712AF017E4A01800CD0261 /* Release */ = {
			isa = XCBuildConfiguration;
			baseConfigurationReference = F6182C254E394A589DF27C3C /* Pods.xcconfig */;
			buildSettings = {
				ASSETCATALOG_COMPILER_APPICON_NAME = AppIcon;
				ASSETCATALOG_COMPILER_LAUNCHIMAGE_NAME = LaunchImage;
				GCC_PRECOMPILE_PREFIX_HEADER = YES;
				GCC_PREFIX_HEADER = "PeakSwipeCell-Samples/PeakSwipeCell-Samples-Prefix.pch";
				INFOPLIST_FILE = "PeakSwipeCell-Samples/PeakSwipeCell-Samples-Info.plist";
				PRODUCT_NAME = "$(TARGET_NAME)";
				WRAPPER_EXTENSION = app;
			};
			name = Release;
		};
		D2712AF217E4A01800CD0261 /* Debug */ = {
			isa = XCBuildConfiguration;
			buildSettings = {
				ARCHS = "$(ARCHS_STANDARD_INCLUDING_64_BIT)";
				BUNDLE_LOADER = "$(BUILT_PRODUCTS_DIR)/PeakSwipeCell-Samples.app/PeakSwipeCell-Samples";
				FRAMEWORK_SEARCH_PATHS = (
					"$(SDKROOT)/Developer/Library/Frameworks",
					"$(inherited)",
					"$(DEVELOPER_FRAMEWORKS_DIR)",
				);
				GCC_PRECOMPILE_PREFIX_HEADER = YES;
				GCC_PREFIX_HEADER = "PeakSwipeCell-Samples/PeakSwipeCell-Samples-Prefix.pch";
				GCC_PREPROCESSOR_DEFINITIONS = (
					"DEBUG=1",
					"$(inherited)",
				);
				INFOPLIST_FILE = "PeakSwipeCell-SamplesTests/PeakSwipeCell-SamplesTests-Info.plist";
				PRODUCT_NAME = "$(TARGET_NAME)";
				TEST_HOST = "$(BUNDLE_LOADER)";
				WRAPPER_EXTENSION = xctest;
			};
			name = Debug;
		};
		D2712AF317E4A01800CD0261 /* Release */ = {
			isa = XCBuildConfiguration;
			buildSettings = {
				ARCHS = "$(ARCHS_STANDARD_INCLUDING_64_BIT)";
				BUNDLE_LOADER = "$(BUILT_PRODUCTS_DIR)/PeakSwipeCell-Samples.app/PeakSwipeCell-Samples";
				FRAMEWORK_SEARCH_PATHS = (
					"$(SDKROOT)/Developer/Library/Frameworks",
					"$(inherited)",
					"$(DEVELOPER_FRAMEWORKS_DIR)",
				);
				GCC_PRECOMPILE_PREFIX_HEADER = YES;
				GCC_PREFIX_HEADER = "PeakSwipeCell-Samples/PeakSwipeCell-Samples-Prefix.pch";
				INFOPLIST_FILE = "PeakSwipeCell-SamplesTests/PeakSwipeCell-SamplesTests-Info.plist";
				PRODUCT_NAME = "$(TARGET_NAME)";
				TEST_HOST = "$(BUNDLE_LOADER)";
				WRAPPER_EXTENSION = xctest;
			};
			name = Release;
		};
/* End XCBuildConfiguration section */

/* Begin XCConfigurationList section */
		D2712AB717E4A01800CD0261 /* Build configuration list for PBXProject "PeakSwipeCell-Samples" */ = {
			isa = XCConfigurationList;
			buildConfigurations = (
				D2712AEC17E4A01800CD0261 /* Debug */,
				D2712AED17E4A01800CD0261 /* Release */,
			);
			defaultConfigurationIsVisible = 0;
			defaultConfigurationName = Release;
		};
		D2712AEE17E4A01800CD0261 /* Build configuration list for PBXNativeTarget "PeakSwipeCell-Samples" */ = {
			isa = XCConfigurationList;
			buildConfigurations = (
				D2712AEF17E4A01800CD0261 /* Debug */,
				D2712AF017E4A01800CD0261 /* Release */,
			);
			defaultConfigurationIsVisible = 0;
			defaultConfigurationName = Release;
		};
		D2712AF117E4A01800CD0261 /* Build configuration list for PBXNativeTarget "PeakSwipeCell-SamplesTests" */ = {
			isa = XCConfigurationList;
			buildConfigurations = (
				D2712AF217E4A01800CD0261 /* Debug */,
				D2712AF317E4A01800CD0261 /* Release */,
			);
			defaultConfigurationIsVisible = 0;
			defaultConfigurationName = Release;
		};
/* End XCConfigurationList section */
	};
	rootObject = D2712AB417E4A01800CD0261 /* Project object */;
}
